
Microsoft Visual Studio Solution File, Format Version 12.00
# Visual Studio Version 17
VisualStudioVersion = 17.0.31903.59
MinimumVisualStudioVersion = 10.0.40219.1
Project("{FAE04EC0-301F-11D3-BF4B-00C04F79EFBC}") = "Marventa.Framework", "Marventa.Framework\Marventa.Framework.csproj", "{43A2AB16-6630-706A-E7C5-838AC49E14CC}"
EndProject
Global
	GlobalSection(SolutionConfigurationPlatforms) = preSolution
		Debug|Any CPU = Debug|Any CPU
		Release|Any CPU = Release|Any CPU
	EndGlobalSection
	GlobalSection(ProjectConfigurationPlatforms) = postSolution
		{43A2AB16-6630-706A-E7C5-838AC49E14CC}.Debug|Any CPU.ActiveCfg = Debug|Any CPU
		{43A2AB16-6630-706A-E7C5-838AC49E14CC}.Debug|Any CPU.Build.0 = Debug|Any CPU
		{43A2AB16-6630-706A-E7C5-838AC49E14CC}.Release|Any CPU.ActiveCfg = Release|Any CPU
		{43A2AB16-6630-706A-E7C5-838AC49E14CC}.Release|Any CPU.Build.0 = Release|Any CPU
	EndGlobalSection
	GlobalSection(SolutionProperties) = preSolution
		HideSolutionNode = FALSE
	EndGlobalSection
	GlobalSection(ExtensibilityGlobals) = postSolution
		SolutionGuid = {798D26B4-2573-4435-9C62-EA224AC1FCEE}
	EndGlobalSection
EndGlobal
